// !$*UTF8*$!
{
	archiveVersion = 1;
	classes = {
	};
	objectVersion = 56;
	objects = {

/* Begin PBXBuildFile section */
		528D10AE2AF3FC5F0072AF1F /* HambuMenuApp.swift in Sources */ = {isa = PBXBuildFile; fileRef = 528D10AD2AF3FC5F0072AF1F /* HambuMenuApp.swift */; };
		528D10B02AF3FC5F0072AF1F /* HomeView.swift in Sources */ = {isa = PBXBuildFile; fileRef = 528D10AF2AF3FC5F0072AF1F /* HomeView.swift */; };
		528D10B22AF3FC610072AF1F /* Assets.xcassets in Resources */ = {isa = PBXBuildFile; fileRef = 528D10B12AF3FC610072AF1F /* Assets.xcassets */; };
		528D10B52AF3FC620072AF1F /* Preview Assets.xcassets in Resources */ = {isa = PBXBuildFile; fileRef = 528D10B42AF3FC620072AF1F /* Preview Assets.xcassets */; };
		528D10BC2AF403550072AF1F /* SideMenu.swift in Sources */ = {isa = PBXBuildFile; fileRef = 528D10BB2AF403550072AF1F /* SideMenu.swift */; };
		528D10BE2AF407480072AF1F /* SideMenuRow.swift in Sources */ = {isa = PBXBuildFile; fileRef = 528D10BD2AF407480072AF1F /* SideMenuRow.swift */; };
		528D10C02AF4085D0072AF1F /* SideMenuView.swift in Sources */ = {isa = PBXBuildFile; fileRef = 528D10BF2AF4085D0072AF1F /* SideMenuView.swift */; };
		528D10C22AF409CF0072AF1F /* MainTabbedView.swift in Sources */ = {isa = PBXBuildFile; fileRef = 528D10C12AF409CF0072AF1F /* MainTabbedView.swift */; };
		528D10C42AF40B010072AF1F /* InfoView.swift in Sources */ = {isa = PBXBuildFile; fileRef = 528D10C32AF40B010072AF1F /* InfoView.swift */; };
/* End PBXBuildFile section */

/* Begin PBXFileReference section */
		528D10AA2AF3FC5F0072AF1F /* HambuMenu.app */ = {isa = PBXFileReference; explicitFileType = wrapper.application; includeInIndex = 0; path = HambuMenu.app; sourceTree = BUILT_PRODUCTS_DIR; };
		528D10AD2AF3FC5F0072AF1F /* HambuMenuApp.swift */ = {isa = PBXFileReference; lastKnownFileType = sourcecode.swift; path = HambuMenuApp.swift; sourceTree = "<group>"; };
		528D10AF2AF3FC5F0072AF1F /* HomeView.swift */ = {isa = PBXFileReference; lastKnownFileType = sourcecode.swift; path = HomeView.swift; sourceTree = "<group>"; };
		528D10B12AF3FC610072AF1F /* Assets.xcassets */ = {isa = PBXFileReference; lastKnownFileType = folder.assetcatalog; path = Assets.xcassets; sourceTree = "<group>"; };
		528D10B42AF3FC620072AF1F /* Preview Assets.xcassets */ = {isa = PBXFileReference; lastKnownFileType = folder.assetcatalog; path = "Preview Assets.xcassets"; sourceTree = "<group>"; };
		528D10BB2AF403550072AF1F /* SideMenu.swift */ = {isa = PBXFileReference; lastKnownFileType = sourcecode.swift; path = SideMenu.swift; sourceTree = "<group>"; };
		528D10BD2AF407480072AF1F /* SideMenuRow.swift */ = {isa = PBXFileReference; lastKnownFileType = sourcecode.swift; path = SideMenuRow.swift; sourceTree = "<group>"; };
		528D10BF2AF4085D0072AF1F /* SideMenuView.swift */ = {isa = PBXFileReference; lastKnownFileType = sourcecode.swift; path = SideMenuView.swift; sourceTree = "<group>"; };
		528D10C12AF409CF0072AF1F /* MainTabbedView.swift */ = {isa = PBXFileReference; lastKnownFileType = sourcecode.swift; path = MainTabbedView.swift; sourceTree = "<group>"; };
		528D10C32AF40B010072AF1F /* InfoView.swift */ = {isa = PBXFileReference; lastKnownFileType = sourcecode.swift; path = InfoView.swift; sourceTree = "<group>"; };
/* End PBXFileReference section */

/* Begin PBXFrameworksBuildPhase section */
		528D10A72AF3FC5F0072AF1F /* Frameworks */ = {
			isa = PBXFrameworksBuildPhase;
			buildActionMask = 2147483647;
			files = (
			);
			runOnlyForDeploymentPostprocessing = 0;
		};
/* End PBXFrameworksBuildPhase section */

/* Begin PBXGroup section */
		528D10A12AF3FC5F0072AF1F = {
			isa = PBXGroup;
			children = (
				528D10AC2AF3FC5F0072AF1F /* HambuMenu */,
				528D10AB2AF3FC5F0072AF1F /* Products */,
			);
			sourceTree = "<group>";
		};
		528D10AB2AF3FC5F0072AF1F /* Products */ = {
			isa = PBXGroup;
			children = (
				528D10AA2AF3FC5F0072AF1F /* HambuMenu.app */,
			);
			name = Products;
			sourceTree = "<group>";
		};
		528D10AC2AF3FC5F0072AF1F /* HambuMenu */ = {
			isa = PBXGroup;
			children = (
				528D10BD2AF407480072AF1F /* SideMenuRow.swift */,
				528D10AD2AF3FC5F0072AF1F /* HambuMenuApp.swift */,
				528D10BB2AF403550072AF1F /* SideMenu.swift */,
				528D10AF2AF3FC5F0072AF1F /* HomeView.swift */,
				528D10B12AF3FC610072AF1F /* Assets.xcassets */,
				528D10B32AF3FC620072AF1F /* Preview Content */,
				528D10BF2AF4085D0072AF1F /* SideMenuView.swift */,
				528D10C12AF409CF0072AF1F /* MainTabbedView.swift */,
				528D10C32AF40B010072AF1F /* InfoView.swift */,
			);
			path = HambuMenu;
			sourceTree = "<group>";
		};
		528D10B32AF3FC620072AF1F /* Preview Content */ = {
			isa = PBXGroup;
			children = (
				528D10B42AF3FC620072AF1F /* Preview Assets.xcassets */,
			);
			path = "Preview Content";
			sourceTree = "<group>";
		};
/* End PBXGroup section */

/* Begin PBXNativeTarget section */
		528D10A92AF3FC5F0072AF1F /* HambuMenu */ = {
			isa = PBXNativeTarget;
			buildConfigurationList = 528D10B82AF3FC620072AF1F /* Build configuration list for PBXNativeTarget "HambuMenu" */;
			buildPhases = (
				528D10A62AF3FC5F0072AF1F /* Sources */,
				528D10A72AF3FC5F0072AF1F /* Frameworks */,
				528D10A82AF3FC5F0072AF1F /* Resources */,
			);
			buildRules = (
			);
			dependencies = (
			);
			name = HambuMenu;
			productName = HambuMenu;
			productReference = 528D10AA2AF3FC5F0072AF1F /* HambuMenu.app */;
			productType = "com.apple.product-type.application";
		};
/* End PBXNativeTarget section */

/* Begin PBXProject section */
		528D10A22AF3FC5F0072AF1F /* Project object */ = {
			isa = PBXProject;
			attributes = {
				BuildIndependentTargetsInParallel = 1;
				LastSwiftUpdateCheck = 1410;
				LastUpgradeCheck = 1410;
				TargetAttributes = {
					528D10A92AF3FC5F0072AF1F = {
						CreatedOnToolsVersion = 14.1;
					};
				};
			};
			buildConfigurationList = 528D10A52AF3FC5F0072AF1F /* Build configuration list for PBXProject "HambuMenu" */;
			compatibilityVersion = "Xcode 14.0";
			developmentRegion = en;
			hasScannedForEncodings = 0;
			knownRegions = (
				en,
				Base,
			);
			mainGroup = 528D10A12AF3FC5F0072AF1F;
			productRefGroup = 528D10AB2AF3FC5F0072AF1F /* Products */;
			projectDirPath = "";
			projectRoot = "";
			targets = (
				528D10A92AF3FC5F0072AF1F /* HambuMenu */,
			);
		};
/* End PBXProject section */

/* Begin PBXResourcesBuildPhase section */
		528D10A82AF3FC5F0072AF1F /* Resources */ = {
			isa = PBXResourcesBuildPhase;
			buildActionMask = 2147483647;
			files = (
				528D10B52AF3FC620072AF1F /* Preview Assets.xcassets in Resources */,
				528D10B22AF3FC610072AF1F /* Assets.xcassets in Resources */,
			);
			runOnlyForDeploymentPostprocessing = 0;
		};
/* End PBXResourcesBuildPhase section */

/* Begin PBXSourcesBuildPhase section */
		528D10A62AF3FC5F0072AF1F /* Sources */ = {
			isa = PBXSourcesBuildPhase;
			buildActionMask = 2147483647;
			files = (
				528D10BC2AF403550072AF1F /* SideMenu.swift in Sources */,
				528D10B02AF3FC5F0072AF1F /* HomeView.swift in Sources */,
				528D10C02AF4085D0072AF1F /* SideMenuView.swift in Sources */,
				528D10BE2AF407480072AF1F /* SideMenuRow.swift in Sources */,
				528D10AE2AF3FC5F0072AF1F /* HambuMenuApp.swift in Sources */,
				528D10C22AF409CF0072AF1F /* MainTabbedView.swift in Sources */,
				528D10C42AF40B010072AF1F /* InfoView.swift in Sources */,
			);
			runOnlyForDeploymentPostprocessing = 0;
		};
/* End PBXSourcesBuildPhase section */

/* Begin XCBuildConfiguration section */
		528D10B62AF3FC620072AF1F /* Debug */ = {
			isa = XCBuildConfiguration;
			buildSettings = {
				ALWAYS_SEARCH_USER_PATHS = NO;
				CLANG_ANALYZER_NONNULL = YES;
				CLANG_ANALYZER_NUMBER_OBJECT_CONVERSION = YES_AGGRESSIVE;
				CLANG_CXX_LANGUAGE_STANDARD = "gnu++20";
				CLANG_ENABLE_MODULES = YES;
				CLANG_ENABLE_OBJC_ARC = YES;
				CLANG_ENABLE_OBJC_WEAK = YES;
				CLANG_WARN_BLOCK_CAPTURE_AUTORELEASING = YES;
				CLANG_WARN_BOOL_CONVERSION = YES;
				CLANG_WARN_COMMA = YES;
				CLANG_WARN_CONSTANT_CONVERSION = YES;
				CLANG_WARN_DEPRECATED_OBJC_IMPLEMENTATIONS = YES;
				CLANG_WARN_DIRECT_OBJC_ISA_USAGE = YES_ERROR;
				CLANG_WARN_DOCUMENTATION_COMMENTS = YES;
				CLANG_WARN_EMPTY_BODY = YES;
				CLANG_WARN_ENUM_CONVERSION = YES;
				CLANG_WARN_INFINITE_RECURSION = YES;
				CLANG_WARN_INT_CONVERSION = YES;
				CLANG_WARN_NON_LITERAL_NULL_CONVERSION = YES;
				CLANG_WARN_OBJC_IMPLICIT_RETAIN_SELF = YES;
				CLANG_WARN_OBJC_LITERAL_CONVERSION = YES;
				CLANG_WARN_OBJC_ROOT_CLASS = YES_ERROR;
				CLANG_WARN_QUOTED_INCLUDE_IN_FRAMEWORK_HEADER = YES;
				CLANG_WARN_RANGE_LOOP_ANALYSIS = YES;
				CLANG_WARN_STRICT_PROTOTYPES = YES;
				CLANG_WARN_SUSPICIOUS_MOVE = YES;
				CLANG_WARN_UNGUARDED_AVAILABILITY = YES_AGGRESSIVE;
				CLANG_WARN_UNREACHABLE_CODE = YES;
				CLANG_WARN__DUPLICATE_METHOD_MATCH = YES;
				COPY_PHASE_STRIP = NO;
				DEBUG_INFORMATION_FORMAT = dwarf;
				ENABLE_STRICT_OBJC_MSGSEND = YES;
				ENABLE_TESTABILITY = YES;
				GCC_C_LANGUAGE_STANDARD = gnu11;
				GCC_DYNAMIC_NO_PIC = NO;
				GCC_NO_COMMON_BLOCKS = YES;
				GCC_OPTIMIZATION_LEVEL = 0;
				GCC_PREPROCESSOR_DEFINITIONS = (
					"DEBUG=1",
					"$(inherited)",
				);
				GCC_WARN_64_TO_32_BIT_CONVERSION = YES;
				GCC_WARN_ABOUT_RETURN_TYPE = YES_ERROR;
				GCC_WARN_UNDECLARED_SELECTOR = YES;
				GCC_WARN_UNINITIALIZED_AUTOS = YES_AGGRESSIVE;
				GCC_WARN_UNUSED_FUNCTION = YES;
				GCC_WARN_UNUSED_VARIABLE = YES;
				IPHONEOS_DEPLOYMENT_TARGET = 16.1;
				MTL_ENABLE_DEBUG_INFO = INCLUDE_SOURCE;
				MTL_FAST_MATH = YES;
				ONLY_ACTIVE_ARCH = YES;
				SDKROOT = iphoneos;
				SWIFT_ACTIVE_COMPILATION_CONDITIONS = DEBUG;
				SWIFT_OPTIMIZATION_LEVEL = "-Onone";
			};
			name = Debug;
		};
		528D10B72AF3FC620072AF1F /* Release */ = {
			isa = XCBuildConfiguration;
			buildSettings = {
				ALWAYS_SEARCH_USER_PATHS = NO;
				CLANG_ANALYZER_NONNULL = YES;
				CLANG_ANALYZER_NUMBER_OBJECT_CONVERSION = YES_AGGRESSIVE;
				CLANG_CXX_LANGUAGE_STANDARD = "gnu++20";
				CLANG_ENABLE_MODULES = YES;
				CLANG_ENABLE_OBJC_ARC = YES;
				CLANG_ENABLE_OBJC_WEAK = YES;
				CLANG_WARN_BLOCK_CAPTURE_AUTORELEASING = YES;
				CLANG_WARN_BOOL_CONVERSION = YES;
				CLANG_WARN_COMMA = YES;
				CLANG_WARN_CONSTANT_CONVERSION = YES;
				CLANG_WARN_DEPRECATED_OBJC_IMPLEMENTATIONS = YES;
				CLANG_WARN_DIRECT_OBJC_ISA_USAGE = YES_ERROR;
				CLANG_WARN_DOCUMENTATION_COMMENTS = YES;
				CLANG_WARN_EMPTY_BODY = YES;
				CLANG_WARN_ENUM_CONVERSION = YES;
				CLANG_WARN_INFINITE_RECURSION = YES;
				CLANG_WARN_INT_CONVERSION = YES;
				CLANG_WARN_NON_LITERAL_NULL_CONVERSION = YES;
				CLANG_WARN_OBJC_IMPLICIT_RETAIN_SELF = YES;
				CLANG_WARN_OBJC_LITERAL_CONVERSION = YES;
				CLANG_WARN_OBJC_ROOT_CLASS = YES_ERROR;
				CLANG_WARN_QUOTED_INCLUDE_IN_FRAMEWORK_HEADER = YES;
				CLANG_WARN_RANGE_LOOP_ANALYSIS = YES;
				CLANG_WARN_STRICT_PROTOTYPES = YES;
				CLANG_WARN_SUSPICIOUS_MOVE = YES;
				CLANG_WARN_UNGUARDED_AVAILABILITY = YES_AGGRESSIVE;
				CLANG_WARN_UNREACHABLE_CODE = YES;
				CLANG_WARN__DUPLICATE_METHOD_MATCH = YES;
				COPY_PHASE_STRIP = NO;
				DEBUG_INFORMATION_FORMAT = "dwarf-with-dsym";
				ENABLE_NS_ASSERTIONS = NO;
				ENABLE_STRICT_OBJC_MSGSEND = YES;
				GCC_C_LANGUAGE_STANDARD = gnu11;
				GCC_NO_COMMON_BLOCKS = YES;
				GCC_WARN_64_TO_32_BIT_CONVERSION = YES;
				GCC_WARN_ABOUT_RETURN_TYPE = YES_ERROR;
				GCC_WARN_UNDECLARED_SELECTOR = YES;
				GCC_WARN_UNINITIALIZED_AUTOS = YES_AGGRESSIVE;
				GCC_WARN_UNUSED_FUNCTION = YES;
				GCC_WARN_UNUSED_VARIABLE = YES;
				IPHONEOS_DEPLOYMENT_TARGET = 16.1;
				MTL_ENABLE_DEBUG_INFO = NO;
				MTL_FAST_MATH = YES;
				SDKROOT = iphoneos;
				SWIFT_COMPILATION_MODE = wholemodule;
				SWIFT_OPTIMIZATION_LEVEL = "-O";
				VALIDATE_PRODUCT = YES;
			};
			name = Release;
		};
		528D10B92AF3FC620072AF1F /* Debug */ = {
			isa = XCBuildConfiguration;
			buildSettings = {
				ASSETCATALOG_COMPILER_APPICON_NAME = AppIcon;
				ASSETCATALOG_COMPILER_GLOBAL_ACCENT_COLOR_NAME = AccentColor;
				CODE_SIGN_STYLE = Automatic;
				CURRENT_PROJECT_VERSION = 1;
				DEVELOPMENT_ASSET_PATHS = "\"HambuMenu/Preview Content\"";
				DEVELOPMENT_TEAM = 73U7Z45XKZ;
				ENABLE_PREVIEWS = YES;
				GENERATE_INFOPLIST_FILE = YES;
				INFOPLIST_KEY_UIApplicationSceneManifest_Generation = YES;
				INFOPLIST_KEY_UIApplicationSupportsIndirectInputEvents = YES;
				INFOPLIST_KEY_UILaunchScreen_Generation = YES;
				INFOPLIST_KEY_UISupportedInterfaceOrientations_iPad = "UIInterfaceOrientationPortrait UIInterfaceOrientationPortraitUpsideDown UIInterfaceOrientationLandscapeLeft UIInterfaceOrientationLandscapeRight";
				INFOPLIST_KEY_UISupportedInterfaceOrientations_iPhone = "UIInterfaceOrientationPortrait UIInterfaceOrientationLandscapeLeft UIInterfaceOrientationLandscapeRight";
				LD_RUNPATH_SEARCH_PATHS = (
					"$(inherited)",
					"@executable_path/Frameworks",
				);
				MARKETING_VERSION = 1.0;
				PRODUCT_BUNDLE_IDENTIFIER = com.Menu.HambuMenu;
				PRODUCT_NAME = "$(TARGET_NAME)";
				SWIFT_EMIT_LOC_STRINGS = YES;
				SWIFT_VERSION = 5.0;
				TARGETED_DEVICE_FAMILY = "1,2";
			};
			name = Debug;
		};
		528D10BA2AF3FC620072AF1F /* Release */ = {
			isa = XCBuildConfiguration;
			buildSettings = {
				ASSETCATALOG_COMPILER_APPICON_NAME = AppIcon;
				ASSETCATALOG_COMPILER_GLOBAL_ACCENT_COLOR_NAME = AccentColor;
				CODE_SIGN_STYLE = Automatic;
				CURRENT_PROJECT_VERSION = 1;
				DEVELOPMENT_ASSET_PATHS = "\"HambuMenu/Preview Content\"";
				DEVELOPMENT_TEAM = 73U7Z45XKZ;
				ENABLE_PREVIEWS = YES;
				GENERATE_INFOPLIST_FILE = YES;
				INFOPLIST_KEY_UIApplicationSceneManifest_Generation = YES;
				INFOPLIST_KEY_UIApplicationSupportsIndirectInputEvents = YES;
				INFOPLIST_KEY_UILaunchScreen_Generation = YES;
				INFOPLIST_KEY_UISupportedInterfaceOrientations_iPad = "UIInterfaceOrientationPortrait UIInterfaceOrientationPortraitUpsideDown UIInterfaceOrientationLandscapeLeft UIInterfaceOrientationLandscapeRight";
				INFOPLIST_KEY_UISupportedInterfaceOrientations_iPhone = "UIInterfaceOrientationPortrait UIInterfaceOrientationLandscapeLeft UIInterfaceOrientationLandscapeRight";
				LD_RUNPATH_SEARCH_PATHS = (
					"$(inherited)",
					"@executable_path/Frameworks",
				);
				MARKETING_VERSION = 1.0;
				PRODUCT_BUNDLE_IDENTIFIER = com.Menu.HambuMenu;
				PRODUCT_NAME = "$(TARGET_NAME)";
				SWIFT_EMIT_LOC_STRINGS = YES;
				SWIFT_VERSION = 5.0;
				TARGETED_DEVICE_FAMILY = "1,2";
			};
			name = Release;
		};
/* End XCBuildConfiguration section */

/* Begin XCConfigurationList section */
		528D10A52AF3FC5F0072AF1F /* Build configuration list for PBXProject "HambuMenu" */ = {
			isa = XCConfigurationList;
			buildConfigurations = (
				528D10B62AF3FC620072AF1F /* Debug */,
				528D10B72AF3FC620072AF1F /* Release */,
			);
			defaultConfigurationIsVisible = 0;
			defaultConfigurationName = Release;
		};
		528D10B82AF3FC620072AF1F /* Build configuration list for PBXNativeTarget "HambuMenu" */ = {
			isa = XCConfigurationList;
			buildConfigurations = (
				528D10B92AF3FC620072AF1F /* Debug */,
				528D10BA2AF3FC620072AF1F /* Release */,
			);
			defaultConfigurationIsVisible = 0;
			defaultConfigurationName = Release;
		};
/* End XCConfigurationList section */
	};
	rootObject = 528D10A22AF3FC5F0072AF1F /* Project object */;
}
